// !$*UTF8*$!
{
	archiveVersion = 1;
	classes = {
	};
	objectVersion = 48;
	objects = {

/* Begin PBXBuildFile section */
		D1127E4D1F9B85C200A8C489 /* AppDelegate.swift in Sources */ = {isa = PBXBuildFile; fileRef = D1127E4C1F9B85C200A8C489 /* AppDelegate.swift */; };
		D1127E4F1F9B85C200A8C489 /* HomeController.swift in Sources */ = {isa = PBXBuildFile; fileRef = D1127E4E1F9B85C200A8C489 /* HomeController.swift */; };
		D1127E521F9B85C200A8C489 /* Main.storyboard in Resources */ = {isa = PBXBuildFile; fileRef = D1127E501F9B85C200A8C489 /* Main.storyboard */; };
		D1127E541F9B85C200A8C489 /* Assets.xcassets in Resources */ = {isa = PBXBuildFile; fileRef = D1127E531F9B85C200A8C489 /* Assets.xcassets */; };
		D1127E571F9B85C200A8C489 /* LaunchScreen.storyboard in Resources */ = {isa = PBXBuildFile; fileRef = D1127E551F9B85C200A8C489 /* LaunchScreen.storyboard */; };
		D1127E5F1F9B8BA500A8C489 /* VideoCell.swift in Sources */ = {isa = PBXBuildFile; fileRef = D1127E5E1F9B8BA500A8C489 /* VideoCell.swift */; };
		D1127E641F9BAE8900A8C489 /* Extension.swift in Sources */ = {isa = PBXBuildFile; fileRef = D1127E631F9BAE8900A8C489 /* Extension.swift */; };
		D1127E6A1F9BC1A500A8C489 /* MenuBar.swift in Sources */ = {isa = PBXBuildFile; fileRef = D1127E691F9BC1A500A8C489 /* MenuBar.swift */; };
		D1127E6C1F9BC9C300A8C489 /* MenuCell.swift in Sources */ = {isa = PBXBuildFile; fileRef = D1127E6B1F9BC9C300A8C489 /* MenuCell.swift */; };
		D1127E6E1F9C853000A8C489 /* Video.swift in Sources */ = {isa = PBXBuildFile; fileRef = D1127E6D1F9C853000A8C489 /* Video.swift */; };
		D1127E701F9C895500A8C489 /* Channel.swift in Sources */ = {isa = PBXBuildFile; fileRef = D1127E6F1F9C895500A8C489 /* Channel.swift */; };
/* End PBXBuildFile section */

/* Begin PBXFileReference section */
		D1127E491F9B85C200A8C489 /* YouTube App.app */ = {isa = PBXFileReference; explicitFileType = wrapper.application; includeInIndex = 0; path = "YouTube App.app"; sourceTree = BUILT_PRODUCTS_DIR; };
		D1127E4C1F9B85C200A8C489 /* AppDelegate.swift */ = {isa = PBXFileReference; lastKnownFileType = sourcecode.swift; path = AppDelegate.swift; sourceTree = "<group>"; };
		D1127E4E1F9B85C200A8C489 /* HomeController.swift */ = {isa = PBXFileReference; lastKnownFileType = sourcecode.swift; path = HomeController.swift; sourceTree = "<group>"; };
		D1127E511F9B85C200A8C489 /* Base */ = {isa = PBXFileReference; lastKnownFileType = file.storyboard; name = Base; path = Base.lproj/Main.storyboard; sourceTree = "<group>"; };
		D1127E531F9B85C200A8C489 /* Assets.xcassets */ = {isa = PBXFileReference; lastKnownFileType = folder.assetcatalog; path = Assets.xcassets; sourceTree = "<group>"; };
		D1127E561F9B85C200A8C489 /* Base */ = {isa = PBXFileReference; lastKnownFileType = file.storyboard; name = Base; path = Base.lproj/LaunchScreen.storyboard; sourceTree = "<group>"; };
		D1127E581F9B85C200A8C489 /* Info.plist */ = {isa = PBXFileReference; lastKnownFileType = text.plist.xml; path = Info.plist; sourceTree = "<group>"; };
		D1127E5E1F9B8BA500A8C489 /* VideoCell.swift */ = {isa = PBXFileReference; lastKnownFileType = sourcecode.swift; path = VideoCell.swift; sourceTree = "<group>"; };
		D1127E631F9BAE8900A8C489 /* Extension.swift */ = {isa = PBXFileReference; lastKnownFileType = sourcecode.swift; path = Extension.swift; sourceTree = "<group>"; };
		D1127E691F9BC1A500A8C489 /* MenuBar.swift */ = {isa = PBXFileReference; lastKnownFileType = sourcecode.swift; path = MenuBar.swift; sourceTree = "<group>"; };
		D1127E6B1F9BC9C300A8C489 /* MenuCell.swift */ = {isa = PBXFileReference; lastKnownFileType = sourcecode.swift; path = MenuCell.swift; sourceTree = "<group>"; };
		D1127E6D1F9C853000A8C489 /* Video.swift */ = {isa = PBXFileReference; lastKnownFileType = sourcecode.swift; path = Video.swift; sourceTree = "<group>"; };
		D1127E6F1F9C895500A8C489 /* Channel.swift */ = {isa = PBXFileReference; lastKnownFileType = sourcecode.swift; path = Channel.swift; sourceTree = "<group>"; };
/* End PBXFileReference section */

/* Begin PBXFrameworksBuildPhase section */
		D1127E461F9B85C200A8C489 /* Frameworks */ = {
			isa = PBXFrameworksBuildPhase;
			buildActionMask = 2147483647;
			files = (
			);
			runOnlyForDeploymentPostprocessing = 0;
		};
/* End PBXFrameworksBuildPhase section */

/* Begin PBXGroup section */
		D1127E401F9B85C200A8C489 = {
			isa = PBXGroup;
			children = (
				D1127E4B1F9B85C200A8C489 /* YouTube App */,
				D1127E4A1F9B85C200A8C489 /* Products */,
			);
			sourceTree = "<group>";
		};
		D1127E4A1F9B85C200A8C489 /* Products */ = {
			isa = PBXGroup;
			children = (
				D1127E491F9B85C200A8C489 /* YouTube App.app */,
			);
			name = Products;
			sourceTree = "<group>";
		};
		D1127E4B1F9B85C200A8C489 /* YouTube App */ = {
			isa = PBXGroup;
			children = (
				D1127E681F9BB02900A8C489 /* Extension */,
				D1127E671F9BB02000A8C489 /* View */,
				D1127E661F9BB01A00A8C489 /* Model */,
				D1127E651F9BB01400A8C489 /* Controller */,
				D1127E4C1F9B85C200A8C489 /* AppDelegate.swift */,
				D1127E501F9B85C200A8C489 /* Main.storyboard */,
				D1127E531F9B85C200A8C489 /* Assets.xcassets */,
				D1127E551F9B85C200A8C489 /* LaunchScreen.storyboard */,
				D1127E581F9B85C200A8C489 /* Info.plist */,
			);
			path = "YouTube App";
			sourceTree = "<group>";
		};
		D1127E651F9BB01400A8C489 /* Controller */ = {
			isa = PBXGroup;
			children = (
				D1127E4E1F9B85C200A8C489 /* HomeController.swift */,
			);
			path = Controller;
			sourceTree = "<group>";
		};
		D1127E661F9BB01A00A8C489 /* Model */ = {
			isa = PBXGroup;
			children = (
				D1127E6D1F9C853000A8C489 /* Video.swift */,
				D1127E6F1F9C895500A8C489 /* Channel.swift */,
			);
			path = Model;
			sourceTree = "<group>";
		};
		D1127E671F9BB02000A8C489 /* View */ = {
			isa = PBXGroup;
			children = (
				D1127E5E1F9B8BA500A8C489 /* VideoCell.swift */,
				D1127E691F9BC1A500A8C489 /* MenuBar.swift */,
				D1127E6B1F9BC9C300A8C489 /* MenuCell.swift */,
			);
			path = View;
			sourceTree = "<group>";
		};
		D1127E681F9BB02900A8C489 /* Extension */ = {
			isa = PBXGroup;
			children = (
				D1127E631F9BAE8900A8C489 /* Extension.swift */,
			);
			path = Extension;
			sourceTree = "<group>";
		};
/* End PBXGroup section */

/* Begin PBXNativeTarget section */
		D1127E481F9B85C200A8C489 /* YouTube App */ = {
			isa = PBXNativeTarget;
			buildConfigurationList = D1127E5B1F9B85C200A8C489 /* Build configuration list for PBXNativeTarget "YouTube App" */;
			buildPhases = (
				D1127E451F9B85C200A8C489 /* Sources */,
				D1127E461F9B85C200A8C489 /* Frameworks */,
				D1127E471F9B85C200A8C489 /* Resources */,
			);
			buildRules = (
			);
			dependencies = (
			);
			name = "YouTube App";
			productName = "YouTube App";
			productReference = D1127E491F9B85C200A8C489 /* YouTube App.app */;
			productType = "com.apple.product-type.application";
		};
/* End PBXNativeTarget section */

/* Begin PBXProject section */
		D1127E411F9B85C200A8C489 /* Project object */ = {
			isa = PBXProject;
			attributes = {
				LastSwiftUpdateCheck = 0900;
				LastUpgradeCheck = 0900;
				ORGANIZATIONNAME = PoGo;
				TargetAttributes = {
					D1127E481F9B85C200A8C489 = {
						CreatedOnToolsVersion = 9.0.1;
						ProvisioningStyle = Automatic;
					};
				};
			};
			buildConfigurationList = D1127E441F9B85C200A8C489 /* Build configuration list for PBXProject "YouTube App" */;
			compatibilityVersion = "Xcode 8.0";
			developmentRegion = en;
			hasScannedForEncodings = 0;
			knownRegions = (
				en,
				Base,
			);
			mainGroup = D1127E401F9B85C200A8C489;
			productRefGroup = D1127E4A1F9B85C200A8C489 /* Products */;
			projectDirPath = "";
			projectRoot = "";
			targets = (
				D1127E481F9B85C200A8C489 /* YouTube App */,
			);
		};
/* End PBXProject section */

/* Begin PBXResourcesBuildPhase section */
		D1127E471F9B85C200A8C489 /* Resources */ = {
			isa = PBXResourcesBuildPhase;
			buildActionMask = 2147483647;
			files = (
				D1127E571F9B85C200A8C489 /* LaunchScreen.storyboard in Resources */,
				D1127E541F9B85C200A8C489 /* Assets.xcassets in Resources */,
				D1127E521F9B85C200A8C489 /* Main.storyboard in Resources */,
			);
			runOnlyForDeploymentPostprocessing = 0;
		};
/* End PBXResourcesBuildPhase section */

/* Begin PBXSourcesBuildPhase section */
		D1127E451F9B85C200A8C489 /* Sources */ = {
			isa = PBXSourcesBuildPhase;
			buildActionMask = 2147483647;
			files = (
				D1127E4F1F9B85C200A8C489 /* HomeController.swift in Sources */,
				D1127E701F9C895500A8C489 /* Channel.swift in Sources */,
				D1127E4D1F9B85C200A8C489 /* AppDelegate.swift in Sources */,
				D1127E6C1F9BC9C300A8C489 /* MenuCell.swift in Sources */,
				D1127E5F1F9B8BA500A8C489 /* VideoCell.swift in Sources */,
				D1127E641F9BAE8900A8C489 /* Extension.swift in Sources */,
				D1127E6E1F9C853000A8C489 /* Video.swift in Sources */,
				D1127E6A1F9BC1A500A8C489 /* MenuBar.swift in Sources */,
			);
			runOnlyForDeploymentPostprocessing = 0;
		};
/* End PBXSourcesBuildPhase section */

/* Begin PBXVariantGroup section */
		D1127E501F9B85C200A8C489 /* Main.storyboard */ = {
			isa = PBXVariantGroup;
			children = (
				D1127E511F9B85C200A8C489 /* Base */,
			);
			name = Main.storyboard;
			sourceTree = "<group>";
		};
		D1127E551F9B85C200A8C489 /* LaunchScreen.storyboard */ = {
			isa = PBXVariantGroup;
			children = (
				D1127E561F9B85C200A8C489 /* Base */,
			);
			name = LaunchScreen.storyboard;
			sourceTree = "<group>";
		};
/* End PBXVariantGroup section */

/* Begin XCBuildConfiguration section */
		D1127E591F9B85C200A8C489 /* Debug */ = {
			isa = XCBuildConfiguration;
			buildSettings = {
				ALWAYS_SEARCH_USER_PATHS = NO;
				CLANG_ANALYZER_NONNULL = YES;
				CLANG_ANALYZER_NUMBER_OBJECT_CONVERSION = YES_AGGRESSIVE;
				CLANG_CXX_LANGUAGE_STANDARD = "gnu++14";
				CLANG_CXX_LIBRARY = "libc++";
				CLANG_ENABLE_MODULES = YES;
				CLANG_ENABLE_OBJC_ARC = YES;
				CLANG_WARN_BLOCK_CAPTURE_AUTORELEASING = YES;
				CLANG_WARN_BOOL_CONVERSION = YES;
				CLANG_WARN_COMMA = YES;
				CLANG_WARN_CONSTANT_CONVERSION = YES;
				CLANG_WARN_DIRECT_OBJC_ISA_USAGE = YES_ERROR;
				CLANG_WARN_DOCUMENTATION_COMMENTS = YES;
				CLANG_WARN_EMPTY_BODY = YES;
				CLANG_WARN_ENUM_CONVERSION = YES;
				CLANG_WARN_INFINITE_RECURSION = YES;
				CLANG_WARN_INT_CONVERSION = YES;
				CLANG_WARN_NON_LITERAL_NULL_CONVERSION = YES;
				CLANG_WARN_OBJC_LITERAL_CONVERSION = YES;
				CLANG_WARN_OBJC_ROOT_CLASS = YES_ERROR;
				CLANG_WARN_RANGE_LOOP_ANALYSIS = YES;
				CLANG_WARN_STRICT_PROTOTYPES = YES;
				CLANG_WARN_SUSPICIOUS_MOVE = YES;
				CLANG_WARN_UNGUARDED_AVAILABILITY = YES_AGGRESSIVE;
				CLANG_WARN_UNREACHABLE_CODE = YES;
				CLANG_WARN__DUPLICATE_METHOD_MATCH = YES;
				CODE_SIGN_IDENTITY = "iPhone Developer";
				COPY_PHASE_STRIP = NO;
				DEBUG_INFORMATION_FORMAT = dwarf;
				ENABLE_STRICT_OBJC_MSGSEND = YES;
				ENABLE_TESTABILITY = YES;
				GCC_C_LANGUAGE_STANDARD = gnu11;
				GCC_DYNAMIC_NO_PIC = NO;
				GCC_NO_COMMON_BLOCKS = YES;
				GCC_OPTIMIZATION_LEVEL = 0;
				GCC_PREPROCESSOR_DEFINITIONS = (
					"DEBUG=1",
					"$(inherited)",
				);
				GCC_WARN_64_TO_32_BIT_CONVERSION = YES;
				GCC_WARN_ABOUT_RETURN_TYPE = YES_ERROR;
				GCC_WARN_UNDECLARED_SELECTOR = YES;
				GCC_WARN_UNINITIALIZED_AUTOS = YES_AGGRESSIVE;
				GCC_WARN_UNUSED_FUNCTION = YES;
				GCC_WARN_UNUSED_VARIABLE = YES;
				IPHONEOS_DEPLOYMENT_TARGET = 11.0;
				MTL_ENABLE_DEBUG_INFO = YES;
				ONLY_ACTIVE_ARCH = YES;
				SDKROOT = iphoneos;
				SWIFT_ACTIVE_COMPILATION_CONDITIONS = DEBUG;
				SWIFT_OPTIMIZATION_LEVEL = "-Onone";
			};
			name = Debug;
		};
		D1127E5A1F9B85C200A8C489 /* Release */ = {
			isa = XCBuildConfiguration;
			buildSettings = {
				ALWAYS_SEARCH_USER_PATHS = NO;
				CLANG_ANALYZER_NONNULL = YES;
				CLANG_ANALYZER_NUMBER_OBJECT_CONVERSION = YES_AGGRESSIVE;
				CLANG_CXX_LANGUAGE_STANDARD = "gnu++14";
				CLANG_CXX_LIBRARY = "libc++";
				CLANG_ENABLE_MODULES = YES;
				CLANG_ENABLE_OBJC_ARC = YES;
				CLANG_WARN_BLOCK_CAPTURE_AUTORELEASING = YES;
				CLANG_WARN_BOOL_CONVERSION = YES;
				CLANG_WARN_COMMA = YES;
				CLANG_WARN_CONSTANT_CONVERSION = YES;
				CLANG_WARN_DIRECT_OBJC_ISA_USAGE = YES_ERROR;
				CLANG_WARN_DOCUMENTATION_COMMENTS = YES;
				CLANG_WARN_EMPTY_BODY = YES;
				CLANG_WARN_ENUM_CONVERSION = YES;
				CLANG_WARN_INFINITE_RECURSION = YES;
				CLANG_WARN_INT_CONVERSION = YES;
				CLANG_WARN_NON_LITERAL_NULL_CONVERSION = YES;
				CLANG_WARN_OBJC_LITERAL_CONVERSION = YES;
				CLANG_WARN_OBJC_ROOT_CLASS = YES_ERROR;
				CLANG_WARN_RANGE_LOOP_ANALYSIS = YES;
				CLANG_WARN_STRICT_PROTOTYPES = YES;
				CLANG_WARN_SUSPICIOUS_MOVE = YES;
				CLANG_WARN_UNGUARDED_AVAILABILITY = YES_AGGRESSIVE;
				CLANG_WARN_UNREACHABLE_CODE = YES;
				CLANG_WARN__DUPLICATE_METHOD_MATCH = YES;
				CODE_SIGN_IDENTITY = "iPhone Developer";
				COPY_PHASE_STRIP = NO;
				DEBUG_INFORMATION_FORMAT = "dwarf-with-dsym";
				ENABLE_NS_ASSERTIONS = NO;
				ENABLE_STRICT_OBJC_MSGSEND = YES;
				GCC_C_LANGUAGE_STANDARD = gnu11;
				GCC_NO_COMMON_BLOCKS = YES;
				GCC_WARN_64_TO_32_BIT_CONVERSION = YES;
				GCC_WARN_ABOUT_RETURN_TYPE = YES_ERROR;
				GCC_WARN_UNDECLARED_SELECTOR = YES;
				GCC_WARN_UNINITIALIZED_AUTOS = YES_AGGRESSIVE;
				GCC_WARN_UNUSED_FUNCTION = YES;
				GCC_WARN_UNUSED_VARIABLE = YES;
				IPHONEOS_DEPLOYMENT_TARGET = 11.0;
				MTL_ENABLE_DEBUG_INFO = NO;
				SDKROOT = iphoneos;
				SWIFT_OPTIMIZATION_LEVEL = "-Owholemodule";
				VALIDATE_PRODUCT = YES;
			};
			name = Release;
		};
		D1127E5C1F9B85C200A8C489 /* Debug */ = {
			isa = XCBuildConfiguration;
			buildSettings = {
				ASSETCATALOG_COMPILER_APPICON_NAME = AppIcon;
				CODE_SIGN_STYLE = Automatic;
				DEVELOPMENT_TEAM = 6MD343B76Q;
				INFOPLIST_FILE = "YouTube App/Info.plist";
				LD_RUNPATH_SEARCH_PATHS = "$(inherited) @executable_path/Frameworks";
				PRODUCT_BUNDLE_IDENTIFIER = "KevinVu.YouTube-App";
				PRODUCT_NAME = "$(TARGET_NAME)";
				SWIFT_VERSION = 4.0;
				TARGETED_DEVICE_FAMILY = "1,2";
			};
			name = Debug;
		};
		D1127E5D1F9B85C200A8C489 /* Release */ = {
			isa = XCBuildConfiguration;
			buildSettings = {
				ASSETCATALOG_COMPILER_APPICON_NAME = AppIcon;
				CODE_SIGN_STYLE = Automatic;
				DEVELOPMENT_TEAM = 6MD343B76Q;
				INFOPLIST_FILE = "YouTube App/Info.plist";
				LD_RUNPATH_SEARCH_PATHS = "$(inherited) @executable_path/Frameworks";
				PRODUCT_BUNDLE_IDENTIFIER = "KevinVu.YouTube-App";
				PRODUCT_NAME = "$(TARGET_NAME)";
				SWIFT_VERSION = 4.0;
				TARGETED_DEVICE_FAMILY = "1,2";
			};
			name = Release;
		};
/* End XCBuildConfiguration section */

/* Begin XCConfigurationList section */
		D1127E441F9B85C200A8C489 /* Build configuration list for PBXProject "YouTube App" */ = {
			isa = XCConfigurationList;
			buildConfigurations = (
				D1127E591F9B85C200A8C489 /* Debug */,
				D1127E5A1F9B85C200A8C489 /* Release */,
			);
			defaultConfigurationIsVisible = 0;
			defaultConfigurationName = Release;
		};
		D1127E5B1F9B85C200A8C489 /* Build configuration list for PBXNativeTarget "YouTube App" */ = {
			isa = XCConfigurationList;
			buildConfigurations = (
				D1127E5C1F9B85C200A8C489 /* Debug */,
				D1127E5D1F9B85C200A8C489 /* Release */,
			);
			defaultConfigurationIsVisible = 0;
			defaultConfigurationName = Release;
		};
/* End XCConfigurationList section */
	};
	rootObject = D1127E411F9B85C200A8C489 /* Project object */;
}
